
Microsoft Visual Studio Solution File, Format Version 12.00
# Visual Studio Version 17
VisualStudioVersion = 17.5.33502.453
MinimumVisualStudioVersion = 10.0.40219.1
Project("{FAE04EC0-301F-11D3-BF4B-00C04F79EFBC}") = "CollaborationTest", "CollaborationTest\CollaborationTest.csproj", "{C036179C-7B86-4C12-A758-0B4DCE25110B}"
EndProject
Global
	GlobalSection(SolutionConfigurationPlatforms) = preSolution
		Debug|Any CPU = Debug|Any CPU
		Release|Any CPU = Release|Any CPU
	EndGlobalSection
	GlobalSection(ProjectConfigurationPlatforms) = postSolution
		{C036179C-7B86-4C12-A758-0B4DCE25110B}.Debug|Any CPU.ActiveCfg = Debug|Any CPU
		{C036179C-7B86-4C12-A758-0B4DCE25110B}.Debug|Any CPU.Build.0 = Debug|Any CPU
		{C036179C-7B86-4C12-A758-0B4DCE25110B}.Release|Any CPU.ActiveCfg = Release|Any CPU
		{C036179C-7B86-4C12-A758-0B4DCE25110B}.Release|Any CPU.Build.0 = Release|Any CPU
	EndGlobalSection
	GlobalSection(SolutionProperties) = preSolution
		HideSolutionNode = FALSE
	EndGlobalSection
	GlobalSection(ExtensibilityGlobals) = postSolution
		SolutionGuid = {211BAB70-D577-4029-8A45-3E5F6238D5A1}
	EndGlobalSection
EndGlobal
